<Solution>
  <Project Path="ProductClientHub.API/ProductClientHub.API.csproj" Id="64d7fb86-ce0e-42b9-9139-190a53ba9602" />
  <Project Path="ProductClientHub.Communication/ProductClientHub.Communication.csproj" Id="ae866b5e-54f7-4560-891b-2f29b38056a3" />
  <Project Path="ProductClientHub.Exceptions/ProductClientHub.Exceptions.csproj" Id="73c6796d-b2fe-43cc-8593-3c7615fca4b9" />
</Solution>
